
Microsoft Visual Studio Solution File, Format Version 12.00
# Visual Studio Version 17
VisualStudioVersion = 17.9.34701.34
MinimumVisualStudioVersion = 10.0.40219.1
Project("{FAE04EC0-301F-11D3-BF4B-00C04F79EFBC}") = "demo2703", "demo2703\demo2703.csproj", "{D448897B-C56A-4D82-BEDD-3DFB6322FFC0}"
EndProject
Global
	GlobalSection(SolutionConfigurationPlatforms) = preSolution
		Debug|Any CPU = Debug|Any CPU
		Release|Any CPU = Release|Any CPU
	EndGlobalSection
	GlobalSection(ProjectConfigurationPlatforms) = postSolution
		{D448897B-C56A-4D82-BEDD-3DFB6322FFC0}.Debug|Any CPU.ActiveCfg = Debug|Any CPU
		{D448897B-C56A-4D82-BEDD-3DFB6322FFC0}.Debug|Any CPU.Build.0 = Debug|Any CPU
		{D448897B-C56A-4D82-BEDD-3DFB6322FFC0}.Release|Any CPU.ActiveCfg = Release|Any CPU
		{D448897B-C56A-4D82-BEDD-3DFB6322FFC0}.Release|Any CPU.Build.0 = Release|Any CPU
	EndGlobalSection
	GlobalSection(SolutionProperties) = preSolution
		HideSolutionNode = FALSE
	EndGlobalSection
	GlobalSection(ExtensibilityGlobals) = postSolution
		SolutionGuid = {F0644E63-A058-4B36-9531-CB2879E4AF67}
	EndGlobalSection
EndGlobal
